
Microsoft Visual Studio Solution File, Format Version 12.00
# Visual Studio Version 16
VisualStudioVersion = 16.0.31424.327
MinimumVisualStudioVersion = 10.0.40219.1
Project("{FAE04EC0-301F-11D3-BF4B-00C04F79EFBC}") = "negyedikhet_excel", "negyedikhet_excel\negyedikhet_excel.csproj", "{D21C3233-7939-41F6-A5B1-FE715EAE9612}"
EndProject
Global
	GlobalSection(SolutionConfigurationPlatforms) = preSolution
		Debug|Any CPU = Debug|Any CPU
		Release|Any CPU = Release|Any CPU
	EndGlobalSection
	GlobalSection(ProjectConfigurationPlatforms) = postSolution
		{D21C3233-7939-41F6-A5B1-FE715EAE9612}.Debug|Any CPU.ActiveCfg = Debug|Any CPU
		{D21C3233-7939-41F6-A5B1-FE715EAE9612}.Debug|Any CPU.Build.0 = Debug|Any CPU
		{D21C3233-7939-41F6-A5B1-FE715EAE9612}.Release|Any CPU.ActiveCfg = Release|Any CPU
		{D21C3233-7939-41F6-A5B1-FE715EAE9612}.Release|Any CPU.Build.0 = Release|Any CPU
	EndGlobalSection
	GlobalSection(SolutionProperties) = preSolution
		HideSolutionNode = FALSE
	EndGlobalSection
	GlobalSection(ExtensibilityGlobals) = postSolution
		SolutionGuid = {663C7C88-9745-44D4-95C5-0B4C96D03ECC}
	EndGlobalSection
EndGlobal
